<?xml version="1.0" encoding="utf-8"?>
<Project ToolsVersion="4.0" xmlns="http://schemas.microsoft.com/developer/msbuild/2003">
  <ItemGroup>
    <CudaCompile Include="main.cpp">
      <Filter>Source Files</Filter>
    </CudaCompile>
    <CudaCompile Include="ConwaysCUDA.cu">
      <Filter>Source Files</Filter>
    </CudaCompile>
    <CudaCompile Include="pattern_blueprints.cpp">
      <Filter>Source Files</Filter>
    </CudaCompile>
  </ItemGroup>
  <ItemGroup>
    <ClCompile Include="Renderer.cpp">
      <Filter>Source Files</Filter>
    </ClCompile>
    <ClCompile Include="ConwaysGameOfLife.cpp">
      <Filter>Source Files</Filter>
    </ClCompile>
    <ClCompile Include="glad.c">
      <Filter>Source Files</Filter>
    </ClCompile>
  </ItemGroup>
  <ItemGroup>
    <ClInclude Include="vec2.h">
      <Filter>Header Files</Filter>
    </ClInclude>
    <ClInclude Include="Shaders\Shader.h">
      <Filter>Header Files</Filter>
    </ClInclude>
    <ClInclude Include="Renderer.h">
      <Filter>Header Files</Filter>
    </ClInclude>
    <ClInclude Include="helper_string.h">
      <Filter>Header Files</Filter>
    </ClInclude>
    <ClInclude Include="helper_cuda.h">
      <Filter>Header Files</Filter>
    </ClInclude>
    <ClInclude Include="ConwaysGameOfLife.h">
      <Filter>Header Files</Filter>
    </ClInclude>
    <ClInclude Include="ConwaysCUDA.h">
      <Filter>Header Files</Filter>
    </ClInclude>
    <ClInclude Include="pattern_blueprints.h">
      <Filter>Header Files</Filter>
    </ClInclude>
  </ItemGroup>
  <ItemGroup>
    <None Include="Shaders\cgol.vert">
      <Filter>GLSL Files</Filter>
    </None>
    <None Include="Shaders\cgol.frag">
      <Filter>GLSL Files</Filter>
    </None>
  </ItemGroup>
  <ItemGroup>
    <Filter Include="Header Files">
      <UniqueIdentifier>{529c46a2-0349-424d-b3ea-9f3d54adfe29}</UniqueIdentifier>
    </Filter>
    <Filter Include="Source Files">
      <UniqueIdentifier>{0cac0251-f50b-4060-8367-2005c5d0a2b9}</UniqueIdentifier>
    </Filter>
    <Filter Include="GLSL Files">
      <UniqueIdentifier>{0a69259d-458b-47be-879c-20cd6dd84adc}</UniqueIdentifier>
    </Filter>
  </ItemGroup>
</Project>